
Microsoft Visual Studio Solution File, Format Version 12.00
# Visual Studio Version 16
VisualStudioVersion = 16.0.31321.278
MinimumVisualStudioVersion = 10.0.40219.1
Project("{9A19103F-16F7-4668-BE54-9A1E7A4F7556}") = "BestBuyApplicationTest", "BestBuyApplicationTest\BestBuyApplicationTest.csproj", "{BAE66B3C-8393-40B2-A31E-0EDB92665435}"
EndProject
Project("{9A19103F-16F7-4668-BE54-9A1E7A4F7556}") = "CommonLibs", "CommonLibs\CommonLibs.csproj", "{CDFD64B9-0129-42CC-8421-E3A227750FEF}"
EndProject
Project("{9A19103F-16F7-4668-BE54-9A1E7A4F7556}") = "BestBuyApplications", "BestBuyApplications\BestBuyApplications.csproj", "{71E84963-CDC0-48E8-83B8-A4DE8042ADD7}"
EndProject
Global
	GlobalSection(SolutionConfigurationPlatforms) = preSolution
		Debug|Any CPU = Debug|Any CPU
		Release|Any CPU = Release|Any CPU
	EndGlobalSection
	GlobalSection(ProjectConfigurationPlatforms) = postSolution
		{BAE66B3C-8393-40B2-A31E-0EDB92665435}.Debug|Any CPU.ActiveCfg = Debug|Any CPU
		{BAE66B3C-8393-40B2-A31E-0EDB92665435}.Debug|Any CPU.Build.0 = Debug|Any CPU
		{BAE66B3C-8393-40B2-A31E-0EDB92665435}.Release|Any CPU.ActiveCfg = Release|Any CPU
		{BAE66B3C-8393-40B2-A31E-0EDB92665435}.Release|Any CPU.Build.0 = Release|Any CPU
		{CDFD64B9-0129-42CC-8421-E3A227750FEF}.Debug|Any CPU.ActiveCfg = Debug|Any CPU
		{CDFD64B9-0129-42CC-8421-E3A227750FEF}.Debug|Any CPU.Build.0 = Debug|Any CPU
		{CDFD64B9-0129-42CC-8421-E3A227750FEF}.Release|Any CPU.ActiveCfg = Release|Any CPU
		{CDFD64B9-0129-42CC-8421-E3A227750FEF}.Release|Any CPU.Build.0 = Release|Any CPU
		{71E84963-CDC0-48E8-83B8-A4DE8042ADD7}.Debug|Any CPU.ActiveCfg = Debug|Any CPU
		{71E84963-CDC0-48E8-83B8-A4DE8042ADD7}.Debug|Any CPU.Build.0 = Debug|Any CPU
		{71E84963-CDC0-48E8-83B8-A4DE8042ADD7}.Release|Any CPU.ActiveCfg = Release|Any CPU
		{71E84963-CDC0-48E8-83B8-A4DE8042ADD7}.Release|Any CPU.Build.0 = Release|Any CPU
	EndGlobalSection
	GlobalSection(SolutionProperties) = preSolution
		HideSolutionNode = FALSE
	EndGlobalSection
	GlobalSection(ExtensibilityGlobals) = postSolution
		SolutionGuid = {D17FAADF-44F5-418A-A66B-1104E2A0AE8D}
	EndGlobalSection
EndGlobal
